<?xml version="1.0" encoding="utf-8"?>
<Project ToolsVersion="4.0" xmlns="http://schemas.microsoft.com/developer/msbuild/2003">
  <ItemGroup>
    <Filter Include="Source Files">
      <UniqueIdentifier>{4FC737F1-C7A5-4376-A066-2A32D752A2FF}</UniqueIdentifier>
      <Extensions>cpp;c;cc;cxx;def;odl;idl;hpj;bat;asm;asmx</Extensions>
    </Filter>
    <Filter Include="Header Files">
      <UniqueIdentifier>{93995380-89BD-4b04-88EB-625FBE52EBFB}</UniqueIdentifier>
      <Extensions>h;hpp;hxx;hm;inl;inc;xsd</Extensions>
    </Filter>
    <Filter Include="Resource Files">
      <UniqueIdentifier>{67DA6AB6-F800-4c08-8B7A-83BB121AAD01}</UniqueIdentifier>
      <Extensions>rc;ico;cur;bmp;dlg;rc2;rct;bin;rgs;gif;jpg;jpeg;jpe;resx;tiff;tif;png;wav;mfcribbon-ms</Extensions>
    </Filter>
    <Filter Include="Header Files\net">
      <UniqueIdentifier>{3b43e437-0eaa-4830-8ff1-120668dc4087}</UniqueIdentifier>
    </Filter>
    <Filter Include="Source Files\net">
      <UniqueIdentifier>{01205e49-07bf-4593-a08e-8a33d67236d9}</UniqueIdentifier>
    </Filter>
    <Filter Include="Source Files\lzma">
      <UniqueIdentifier>{c429414f-c109-4ffb-909b-a79cdf432d22}</UniqueIdentifier>
    </Filter>
    <Filter Include="Header Files\lzma">
      <UniqueIdentifier>{850cdf0e-99ea-4958-b460-6543a4307e8e}</UniqueIdentifier>
    </Filter>
  </ItemGroup>
  <ItemGroup>
    <ClCompile Include="src\common.cpp">
      <Filter>Source Files</Filter>
    </ClCompile>
    <ClCompile Include="src\glwindow_win32.cpp">
      <Filter>Source Files</Filter>
    </ClCompile>
    <ClCompile Include="src\lin_alg.cpp">
      <Filter>Source Files</Filter>
    </ClCompile>
    <ClCompile Include="src\main.cpp">
      <Filter>Source Files</Filter>
    </ClCompile>
    <ClCompile Include="src\objloader.cpp">
      <Filter>Source Files</Filter>
    </ClCompile>
    <ClCompile Include="src\shader.cpp">
      <Filter>Source Files</Filter>
    </ClCompile>
    <ClCompile Include="src\text.cpp">
      <Filter>Source Files</Filter>
    </ClCompile>
    <ClCompile Include="src\texture.cpp">
      <Filter>Source Files</Filter>
    </ClCompile>
    <ClCompile Include="src\lodepng.cpp">
      <Filter>Source Files</Filter>
    </ClCompile>
    <ClCompile Include="src\net\client.cpp">
      <Filter>Source Files\net</Filter>
    </ClCompile>
    <ClCompile Include="src\net\protocol.cpp">
      <Filter>Source Files\net</Filter>
    </ClCompile>
    <ClCompile Include="src\net\server.cpp">
      <Filter>Source Files\net</Filter>
    </ClCompile>
    <ClCompile Include="src\net\socket.cpp">
      <Filter>Source Files\net</Filter>
    </ClCompile>
    <ClCompile Include="src\net\taskthread.cpp">
      <Filter>Source Files\net</Filter>
    </ClCompile>
    <ClCompile Include="src\net\client_funcs.cpp">
      <Filter>Source Files\net</Filter>
    </ClCompile>
    <ClCompile Include="src\lzma\7zFile.c">
      <Filter>Source Files\lzma</Filter>
    </ClCompile>
    <ClCompile Include="src\lzma\Alloc.c">
      <Filter>Source Files\lzma</Filter>
    </ClCompile>
    <ClCompile Include="src\lzma\LzmaDec.c">
      <Filter>Source Files\lzma</Filter>
    </ClCompile>
    <ClCompile Include="src\lzma\LzmaUtil.c">
      <Filter>Source Files\lzma</Filter>
    </ClCompile>
    <ClCompile Include="src\lzma\7zStream.c">
      <Filter>Source Files\lzma</Filter>
    </ClCompile>
    <ClCompile Include="src\glfunc_loader_minimal.cpp">
      <Filter>Source Files</Filter>
    </ClCompile>
  </ItemGroup>
  <ItemGroup>
    <ClInclude Include="include\common.h">
      <Filter>Header Files</Filter>
    </ClInclude>
    <ClInclude Include="include\glwindow_win32.h">
      <Filter>Header Files</Filter>
    </ClInclude>
    <ClInclude Include="include\lin_alg.h">
      <Filter>Header Files</Filter>
    </ClInclude>
    <ClInclude Include="include\objloader.h">
      <Filter>Header Files</Filter>
    </ClInclude>
    <ClInclude Include="include\precalculated_texcoords.h">
      <Filter>Header Files</Filter>
    </ClInclude>
    <ClInclude Include="include\shader.h">
      <Filter>Header Files</Filter>
    </ClInclude>
    <ClInclude Include="include\text.h">
      <Filter>Header Files</Filter>
    </ClInclude>
    <ClInclude Include="include\texture.h">
      <Filter>Header Files</Filter>
    </ClInclude>
    <ClInclude Include="include\vertex.h">
      <Filter>Header Files</Filter>
    </ClInclude>
    <ClInclude Include="include\net\client.h">
      <Filter>Header Files\net</Filter>
    </ClInclude>
    <ClInclude Include="include\net\protocol.h">
      <Filter>Header Files\net</Filter>
    </ClInclude>
    <ClInclude Include="include\net\server.h">
      <Filter>Header Files\net</Filter>
    </ClInclude>
    <ClInclude Include="include\net\socket.h">
      <Filter>Header Files\net</Filter>
    </ClInclude>
    <ClInclude Include="include\net\taskthread.h">
      <Filter>Header Files\net</Filter>
    </ClInclude>
    <ClInclude Include="include\net\client_funcs.h">
      <Filter>Header Files\net</Filter>
    </ClInclude>
    <ClInclude Include="include\lzma\LzmaDec.h">
      <Filter>Header Files\lzma</Filter>
    </ClInclude>
    <ClInclude Include="include\lzma\7zFile.h">
      <Filter>Header Files\lzma</Filter>
    </ClInclude>
    <ClInclude Include="include\lzma\7zVersion.h">
      <Filter>Header Files\lzma</Filter>
    </ClInclude>
    <ClInclude Include="include\lzma\Alloc.h">
      <Filter>Header Files\lzma</Filter>
    </ClInclude>
    <ClInclude Include="include\lzma\Types.h">
      <Filter>Header Files\lzma</Filter>
    </ClInclude>
    <ClInclude Include="include\lzma\mylzma.h">
      <Filter>Header Files\lzma</Filter>
    </ClInclude>
    <ClInclude Include="include\glfunc_loader_minimal.h">
      <Filter>Header Files</Filter>
    </ClInclude>
    <ClInclude Include="include\lodepng.h">
      <Filter>Header Files</Filter>
    </ClInclude>
  </ItemGroup>
  <ItemGroup>
    <None Include="shaders\regular\fs">
      <Filter>Resource Files</Filter>
    </None>
    <None Include="shaders\regular\vs">
      <Filter>Resource Files</Filter>
    </None>
  </ItemGroup>
</Project>